// !$*UTF8*$!
{
	archiveVersion = 1;
	classes = {
	};
	objectVersion = 50;
	objects = {

/* Begin PBXBuildFile section */
		0631E5B724B9ADA5007EC15D /* AppDelegate.swift in Sources */ = {isa = PBXBuildFile; fileRef = 0631E5B624B9ADA5007EC15D /* AppDelegate.swift */; };
		0631E5B924B9ADA5007EC15D /* SceneDelegate.swift in Sources */ = {isa = PBXBuildFile; fileRef = 0631E5B824B9ADA5007EC15D /* SceneDelegate.swift */; };
		0631E5BB24B9ADA5007EC15D /* ViewController.swift in Sources */ = {isa = PBXBuildFile; fileRef = 0631E5BA24B9ADA5007EC15D /* ViewController.swift */; };
		0631E5BE24B9ADA5007EC15D /* Main.storyboard in Resources */ = {isa = PBXBuildFile; fileRef = 0631E5BC24B9ADA5007EC15D /* Main.storyboard */; };
		0631E5C024B9ADA7007EC15D /* Assets.xcassets in Resources */ = {isa = PBXBuildFile; fileRef = 0631E5BF24B9ADA7007EC15D /* Assets.xcassets */; };
		0631E5C324B9ADA7007EC15D /* LaunchScreen.storyboard in Resources */ = {isa = PBXBuildFile; fileRef = 0631E5C124B9ADA7007EC15D /* LaunchScreen.storyboard */; };
		0631E5DB24B9ADC3007EC15D /* CardsView.swift in Sources */ = {isa = PBXBuildFile; fileRef = 0631E5CE24B9ADC3007EC15D /* CardsView.swift */; };
		0631E5E624B9CB84007EC15D /* CardView.swift in Sources */ = {isa = PBXBuildFile; fileRef = 0631E5E524B9CB84007EC15D /* CardView.swift */; };
/* End PBXBuildFile section */

/* Begin PBXFileReference section */
		0631E5B324B9ADA5007EC15D /* CardsView.app */ = {isa = PBXFileReference; explicitFileType = wrapper.application; includeInIndex = 0; path = CardsView.app; sourceTree = BUILT_PRODUCTS_DIR; };
		0631E5B624B9ADA5007EC15D /* AppDelegate.swift */ = {isa = PBXFileReference; lastKnownFileType = sourcecode.swift; path = AppDelegate.swift; sourceTree = "<group>"; };
		0631E5B824B9ADA5007EC15D /* SceneDelegate.swift */ = {isa = PBXFileReference; lastKnownFileType = sourcecode.swift; path = SceneDelegate.swift; sourceTree = "<group>"; };
		0631E5BA24B9ADA5007EC15D /* ViewController.swift */ = {isa = PBXFileReference; lastKnownFileType = sourcecode.swift; path = ViewController.swift; sourceTree = "<group>"; };
		0631E5BD24B9ADA5007EC15D /* Base */ = {isa = PBXFileReference; lastKnownFileType = file.storyboard; name = Base; path = Base.lproj/Main.storyboard; sourceTree = "<group>"; };
		0631E5BF24B9ADA7007EC15D /* Assets.xcassets */ = {isa = PBXFileReference; lastKnownFileType = folder.assetcatalog; path = Assets.xcassets; sourceTree = "<group>"; };
		0631E5C224B9ADA7007EC15D /* Base */ = {isa = PBXFileReference; lastKnownFileType = file.storyboard; name = Base; path = Base.lproj/LaunchScreen.storyboard; sourceTree = "<group>"; };
		0631E5C424B9ADA7007EC15D /* Info.plist */ = {isa = PBXFileReference; lastKnownFileType = text.plist.xml; path = Info.plist; sourceTree = "<group>"; };
		0631E5CE24B9ADC3007EC15D /* CardsView.swift */ = {isa = PBXFileReference; fileEncoding = 4; lastKnownFileType = sourcecode.swift; name = CardsView.swift; path = CardsCell/CardsView/CardsView.swift; sourceTree = "<group>"; };
		0631E5E524B9CB84007EC15D /* CardView.swift */ = {isa = PBXFileReference; lastKnownFileType = sourcecode.swift; path = CardView.swift; sourceTree = "<group>"; };
/* End PBXFileReference section */

/* Begin PBXFrameworksBuildPhase section */
		0631E5B024B9ADA5007EC15D /* Frameworks */ = {
			isa = PBXFrameworksBuildPhase;
			buildActionMask = 2147483647;
			files = (
			);
			runOnlyForDeploymentPostprocessing = 0;
		};
/* End PBXFrameworksBuildPhase section */

/* Begin PBXGroup section */
		0631E5AA24B9ADA5007EC15D = {
			isa = PBXGroup;
			children = (
				0631E5CA24B9ADAC007EC15D /* Library */,
				0631E5B524B9ADA5007EC15D /* CardsView */,
				0631E5B424B9ADA5007EC15D /* Products */,
			);
			sourceTree = "<group>";
		};
		0631E5B424B9ADA5007EC15D /* Products */ = {
			isa = PBXGroup;
			children = (
				0631E5B324B9ADA5007EC15D /* CardsView.app */,
			);
			name = Products;
			sourceTree = "<group>";
		};
		0631E5B524B9ADA5007EC15D /* CardsView */ = {
			isa = PBXGroup;
			children = (
				0631E5E424B9CB76007EC15D /* Card */,
				0631E5B624B9ADA5007EC15D /* AppDelegate.swift */,
				0631E5B824B9ADA5007EC15D /* SceneDelegate.swift */,
				0631E5BA24B9ADA5007EC15D /* ViewController.swift */,
				0631E5BC24B9ADA5007EC15D /* Main.storyboard */,
				0631E5BF24B9ADA7007EC15D /* Assets.xcassets */,
				0631E5C124B9ADA7007EC15D /* LaunchScreen.storyboard */,
				0631E5C424B9ADA7007EC15D /* Info.plist */,
			);
			path = CardsView;
			sourceTree = "<group>";
		};
		0631E5CA24B9ADAC007EC15D /* Library */ = {
			isa = PBXGroup;
			children = (
				0631E5CE24B9ADC3007EC15D /* CardsView.swift */,
			);
			path = Library;
			sourceTree = "<group>";
		};
		0631E5E424B9CB76007EC15D /* Card */ = {
			isa = PBXGroup;
			children = (
				0631E5E524B9CB84007EC15D /* CardView.swift */,
			);
			path = Card;
			sourceTree = "<group>";
		};
/* End PBXGroup section */

/* Begin PBXNativeTarget section */
		0631E5B224B9ADA5007EC15D /* CardsView */ = {
			isa = PBXNativeTarget;
			buildConfigurationList = 0631E5C724B9ADA7007EC15D /* Build configuration list for PBXNativeTarget "CardsView" */;
			buildPhases = (
				0631E5AF24B9ADA5007EC15D /* Sources */,
				0631E5B024B9ADA5007EC15D /* Frameworks */,
				0631E5B124B9ADA5007EC15D /* Resources */,
			);
			buildRules = (
			);
			dependencies = (
			);
			name = CardsView;
			productName = CardsView;
			productReference = 0631E5B324B9ADA5007EC15D /* CardsView.app */;
			productType = "com.apple.product-type.application";
		};
/* End PBXNativeTarget section */

/* Begin PBXProject section */
		0631E5AB24B9ADA5007EC15D /* Project object */ = {
			isa = PBXProject;
			attributes = {
				LastSwiftUpdateCheck = 1150;
				LastUpgradeCheck = 1150;
				ORGANIZATIONNAME = LUMBERCODE;
				TargetAttributes = {
					0631E5B224B9ADA5007EC15D = {
						CreatedOnToolsVersion = 11.5;
					};
				};
			};
			buildConfigurationList = 0631E5AE24B9ADA5007EC15D /* Build configuration list for PBXProject "CardsView" */;
			compatibilityVersion = "Xcode 9.3";
			developmentRegion = en;
			hasScannedForEncodings = 0;
			knownRegions = (
				en,
				Base,
			);
			mainGroup = 0631E5AA24B9ADA5007EC15D;
			productRefGroup = 0631E5B424B9ADA5007EC15D /* Products */;
			projectDirPath = "";
			projectRoot = "";
			targets = (
				0631E5B224B9ADA5007EC15D /* CardsView */,
			);
		};
/* End PBXProject section */

/* Begin PBXResourcesBuildPhase section */
		0631E5B124B9ADA5007EC15D /* Resources */ = {
			isa = PBXResourcesBuildPhase;
			buildActionMask = 2147483647;
			files = (
				0631E5C324B9ADA7007EC15D /* LaunchScreen.storyboard in Resources */,
				0631E5C024B9ADA7007EC15D /* Assets.xcassets in Resources */,
				0631E5BE24B9ADA5007EC15D /* Main.storyboard in Resources */,
			);
			runOnlyForDeploymentPostprocessing = 0;
		};
/* End PBXResourcesBuildPhase section */

/* Begin PBXSourcesBuildPhase section */
		0631E5AF24B9ADA5007EC15D /* Sources */ = {
			isa = PBXSourcesBuildPhase;
			buildActionMask = 2147483647;
			files = (
				0631E5BB24B9ADA5007EC15D /* ViewController.swift in Sources */,
				0631E5DB24B9ADC3007EC15D /* CardsView.swift in Sources */,
				0631E5B724B9ADA5007EC15D /* AppDelegate.swift in Sources */,
				0631E5B924B9ADA5007EC15D /* SceneDelegate.swift in Sources */,
				0631E5E624B9CB84007EC15D /* CardView.swift in Sources */,
			);
			runOnlyForDeploymentPostprocessing = 0;
		};
/* End PBXSourcesBuildPhase section */

/* Begin PBXVariantGroup section */
		0631E5BC24B9ADA5007EC15D /* Main.storyboard */ = {
			isa = PBXVariantGroup;
			children = (
				0631E5BD24B9ADA5007EC15D /* Base */,
			);
			name = Main.storyboard;
			sourceTree = "<group>";
		};
		0631E5C124B9ADA7007EC15D /* LaunchScreen.storyboard */ = {
			isa = PBXVariantGroup;
			children = (
				0631E5C224B9ADA7007EC15D /* Base */,
			);
			name = LaunchScreen.storyboard;
			sourceTree = "<group>";
		};
/* End PBXVariantGroup section */

/* Begin XCBuildConfiguration section */
		0631E5C524B9ADA7007EC15D /* Debug */ = {
			isa = XCBuildConfiguration;
			buildSettings = {
				ALWAYS_SEARCH_USER_PATHS = NO;
				CLANG_ANALYZER_NONNULL = YES;
				CLANG_ANALYZER_NUMBER_OBJECT_CONVERSION = YES_AGGRESSIVE;
				CLANG_CXX_LANGUAGE_STANDARD = "gnu++14";
				CLANG_CXX_LIBRARY = "libc++";
				CLANG_ENABLE_MODULES = YES;
				CLANG_ENABLE_OBJC_ARC = YES;
				CLANG_ENABLE_OBJC_WEAK = YES;
				CLANG_WARN_BLOCK_CAPTURE_AUTORELEASING = YES;
				CLANG_WARN_BOOL_CONVERSION = YES;
				CLANG_WARN_COMMA = YES;
				CLANG_WARN_CONSTANT_CONVERSION = YES;
				CLANG_WARN_DEPRECATED_OBJC_IMPLEMENTATIONS = YES;
				CLANG_WARN_DIRECT_OBJC_ISA_USAGE = YES_ERROR;
				CLANG_WARN_DOCUMENTATION_COMMENTS = YES;
				CLANG_WARN_EMPTY_BODY = YES;
				CLANG_WARN_ENUM_CONVERSION = YES;
				CLANG_WARN_INFINITE_RECURSION = YES;
				CLANG_WARN_INT_CONVERSION = YES;
				CLANG_WARN_NON_LITERAL_NULL_CONVERSION = YES;
				CLANG_WARN_OBJC_IMPLICIT_RETAIN_SELF = YES;
				CLANG_WARN_OBJC_LITERAL_CONVERSION = YES;
				CLANG_WARN_OBJC_ROOT_CLASS = YES_ERROR;
				CLANG_WARN_RANGE_LOOP_ANALYSIS = YES;
				CLANG_WARN_STRICT_PROTOTYPES = YES;
				CLANG_WARN_SUSPICIOUS_MOVE = YES;
				CLANG_WARN_UNGUARDED_AVAILABILITY = YES_AGGRESSIVE;
				CLANG_WARN_UNREACHABLE_CODE = YES;
				CLANG_WARN__DUPLICATE_METHOD_MATCH = YES;
				COPY_PHASE_STRIP = NO;
				DEBUG_INFORMATION_FORMAT = dwarf;
				ENABLE_STRICT_OBJC_MSGSEND = YES;
				ENABLE_TESTABILITY = YES;
				GCC_C_LANGUAGE_STANDARD = gnu11;
				GCC_DYNAMIC_NO_PIC = NO;
				GCC_NO_COMMON_BLOCKS = YES;
				GCC_OPTIMIZATION_LEVEL = 0;
				GCC_PREPROCESSOR_DEFINITIONS = (
					"DEBUG=1",
					"$(inherited)",
				);
				GCC_WARN_64_TO_32_BIT_CONVERSION = YES;
				GCC_WARN_ABOUT_RETURN_TYPE = YES_ERROR;
				GCC_WARN_UNDECLARED_SELECTOR = YES;
				GCC_WARN_UNINITIALIZED_AUTOS = YES_AGGRESSIVE;
				GCC_WARN_UNUSED_FUNCTION = YES;
				GCC_WARN_UNUSED_VARIABLE = YES;
				IPHONEOS_DEPLOYMENT_TARGET = 13.5;
				MTL_ENABLE_DEBUG_INFO = INCLUDE_SOURCE;
				MTL_FAST_MATH = YES;
				ONLY_ACTIVE_ARCH = YES;
				SDKROOT = iphoneos;
				SWIFT_ACTIVE_COMPILATION_CONDITIONS = DEBUG;
				SWIFT_OPTIMIZATION_LEVEL = "-Onone";
			};
			name = Debug;
		};
		0631E5C624B9ADA7007EC15D /* Release */ = {
			isa = XCBuildConfiguration;
			buildSettings = {
				ALWAYS_SEARCH_USER_PATHS = NO;
				CLANG_ANALYZER_NONNULL = YES;
				CLANG_ANALYZER_NUMBER_OBJECT_CONVERSION = YES_AGGRESSIVE;
				CLANG_CXX_LANGUAGE_STANDARD = "gnu++14";
				CLANG_CXX_LIBRARY = "libc++";
				CLANG_ENABLE_MODULES = YES;
				CLANG_ENABLE_OBJC_ARC = YES;
				CLANG_ENABLE_OBJC_WEAK = YES;
				CLANG_WARN_BLOCK_CAPTURE_AUTORELEASING = YES;
				CLANG_WARN_BOOL_CONVERSION = YES;
				CLANG_WARN_COMMA = YES;
				CLANG_WARN_CONSTANT_CONVERSION = YES;
				CLANG_WARN_DEPRECATED_OBJC_IMPLEMENTATIONS = YES;
				CLANG_WARN_DIRECT_OBJC_ISA_USAGE = YES_ERROR;
				CLANG_WARN_DOCUMENTATION_COMMENTS = YES;
				CLANG_WARN_EMPTY_BODY = YES;
				CLANG_WARN_ENUM_CONVERSION = YES;
				CLANG_WARN_INFINITE_RECURSION = YES;
				CLANG_WARN_INT_CONVERSION = YES;
				CLANG_WARN_NON_LITERAL_NULL_CONVERSION = YES;
				CLANG_WARN_OBJC_IMPLICIT_RETAIN_SELF = YES;
				CLANG_WARN_OBJC_LITERAL_CONVERSION = YES;
				CLANG_WARN_OBJC_ROOT_CLASS = YES_ERROR;
				CLANG_WARN_RANGE_LOOP_ANALYSIS = YES;
				CLANG_WARN_STRICT_PROTOTYPES = YES;
				CLANG_WARN_SUSPICIOUS_MOVE = YES;
				CLANG_WARN_UNGUARDED_AVAILABILITY = YES_AGGRESSIVE;
				CLANG_WARN_UNREACHABLE_CODE = YES;
				CLANG_WARN__DUPLICATE_METHOD_MATCH = YES;
				COPY_PHASE_STRIP = NO;
				DEBUG_INFORMATION_FORMAT = "dwarf-with-dsym";
				ENABLE_NS_ASSERTIONS = NO;
				ENABLE_STRICT_OBJC_MSGSEND = YES;
				GCC_C_LANGUAGE_STANDARD = gnu11;
				GCC_NO_COMMON_BLOCKS = YES;
				GCC_WARN_64_TO_32_BIT_CONVERSION = YES;
				GCC_WARN_ABOUT_RETURN_TYPE = YES_ERROR;
				GCC_WARN_UNDECLARED_SELECTOR = YES;
				GCC_WARN_UNINITIALIZED_AUTOS = YES_AGGRESSIVE;
				GCC_WARN_UNUSED_FUNCTION = YES;
				GCC_WARN_UNUSED_VARIABLE = YES;
				IPHONEOS_DEPLOYMENT_TARGET = 13.5;
				MTL_ENABLE_DEBUG_INFO = NO;
				MTL_FAST_MATH = YES;
				SDKROOT = iphoneos;
				SWIFT_COMPILATION_MODE = wholemodule;
				SWIFT_OPTIMIZATION_LEVEL = "-O";
				VALIDATE_PRODUCT = YES;
			};
			name = Release;
		};
		0631E5C824B9ADA7007EC15D /* Debug */ = {
			isa = XCBuildConfiguration;
			buildSettings = {
				ASSETCATALOG_COMPILER_APPICON_NAME = AppIcon;
				CODE_SIGN_STYLE = Automatic;
				DEVELOPMENT_TEAM = 52SZ5T348X;
				INFOPLIST_FILE = CardsView/Info.plist;
				LD_RUNPATH_SEARCH_PATHS = (
					"$(inherited)",
					"@executable_path/Frameworks",
				);
				PRODUCT_BUNDLE_IDENTIFIER = com.LUMBERCODE.CardsView;
				PRODUCT_NAME = "$(TARGET_NAME)";
				SWIFT_VERSION = 5.0;
				TARGETED_DEVICE_FAMILY = "1,2";
			};
			name = Debug;
		};
		0631E5C924B9ADA7007EC15D /* Release */ = {
			isa = XCBuildConfiguration;
			buildSettings = {
				ASSETCATALOG_COMPILER_APPICON_NAME = AppIcon;
				CODE_SIGN_STYLE = Automatic;
				DEVELOPMENT_TEAM = 52SZ5T348X;
				INFOPLIST_FILE = CardsView/Info.plist;
				LD_RUNPATH_SEARCH_PATHS = (
					"$(inherited)",
					"@executable_path/Frameworks",
				);
				PRODUCT_BUNDLE_IDENTIFIER = com.LUMBERCODE.CardsView;
				PRODUCT_NAME = "$(TARGET_NAME)";
				SWIFT_VERSION = 5.0;
				TARGETED_DEVICE_FAMILY = "1,2";
			};
			name = Release;
		};
/* End XCBuildConfiguration section */

/* Begin XCConfigurationList section */
		0631E5AE24B9ADA5007EC15D /* Build configuration list for PBXProject "CardsView" */ = {
			isa = XCConfigurationList;
			buildConfigurations = (
				0631E5C524B9ADA7007EC15D /* Debug */,
				0631E5C624B9ADA7007EC15D /* Release */,
			);
			defaultConfigurationIsVisible = 0;
			defaultConfigurationName = Release;
		};
		0631E5C724B9ADA7007EC15D /* Build configuration list for PBXNativeTarget "CardsView" */ = {
			isa = XCConfigurationList;
			buildConfigurations = (
				0631E5C824B9ADA7007EC15D /* Debug */,
				0631E5C924B9ADA7007EC15D /* Release */,
			);
			defaultConfigurationIsVisible = 0;
			defaultConfigurationName = Release;
		};
/* End XCConfigurationList section */
	};
	rootObject = 0631E5AB24B9ADA5007EC15D /* Project object */;
}
